
Microsoft Visual Studio Solution File, Format Version 12.00
# Visual Studio Version 17
VisualStudioVersion = 17.8.34408.163
MinimumVisualStudioVersion = 10.0.40219.1
Project("{FAE04EC0-301F-11D3-BF4B-00C04F79EFBC}") = "Lab4Calculator", "Lab4Calculator.csproj", "{D63064F5-B4C3-40C0-8B54-60031807BA67}"
EndProject
Global
	GlobalSection(SolutionConfigurationPlatforms) = preSolution
		Debug|Any CPU = Debug|Any CPU
		Release|Any CPU = Release|Any CPU
	EndGlobalSection
	GlobalSection(ProjectConfigurationPlatforms) = postSolution
		{D63064F5-B4C3-40C0-8B54-60031807BA67}.Debug|Any CPU.ActiveCfg = Debug|Any CPU
		{D63064F5-B4C3-40C0-8B54-60031807BA67}.Debug|Any CPU.Build.0 = Debug|Any CPU
		{D63064F5-B4C3-40C0-8B54-60031807BA67}.Debug|Any CPU.Deploy.0 = Debug|Any CPU
		{D63064F5-B4C3-40C0-8B54-60031807BA67}.Release|Any CPU.ActiveCfg = Release|Any CPU
		{D63064F5-B4C3-40C0-8B54-60031807BA67}.Release|Any CPU.Build.0 = Release|Any CPU
		{D63064F5-B4C3-40C0-8B54-60031807BA67}.Release|Any CPU.Deploy.0 = Release|Any CPU
	EndGlobalSection
	GlobalSection(SolutionProperties) = preSolution
		HideSolutionNode = FALSE
	EndGlobalSection
	GlobalSection(ExtensibilityGlobals) = postSolution
		SolutionGuid = {957705C2-DD71-4ABE-8CC6-A637C3D3B896}
	EndGlobalSection
EndGlobal
